
Microsoft Visual Studio Solution File, Format Version 12.00
# Visual Studio Version 17
VisualStudioVersion = 17.1.32328.378
MinimumVisualStudioVersion = 10.0.40219.1
Project("{FAE04EC0-301F-11D3-BF4B-00C04F79EFBC}") = "WebApplication1", "WebApplication1.csproj", "{DA9CDC19-8327-4DE1-B56A-358D5DB86D34}"
EndProject
Global
	GlobalSection(SolutionConfigurationPlatforms) = preSolution
		Debug|Any CPU = Debug|Any CPU
		Release|Any CPU = Release|Any CPU
	EndGlobalSection
	GlobalSection(ProjectConfigurationPlatforms) = postSolution
		{DA9CDC19-8327-4DE1-B56A-358D5DB86D34}.Debug|Any CPU.ActiveCfg = Debug|Any CPU
		{DA9CDC19-8327-4DE1-B56A-358D5DB86D34}.Debug|Any CPU.Build.0 = Debug|Any CPU
		{DA9CDC19-8327-4DE1-B56A-358D5DB86D34}.Release|Any CPU.ActiveCfg = Release|Any CPU
		{DA9CDC19-8327-4DE1-B56A-358D5DB86D34}.Release|Any CPU.Build.0 = Release|Any CPU
	EndGlobalSection
	GlobalSection(SolutionProperties) = preSolution
		HideSolutionNode = FALSE
	EndGlobalSection
	GlobalSection(ExtensibilityGlobals) = postSolution
		SolutionGuid = {4DC81A4D-A813-4727-8E2C-11257B1C3619}
	EndGlobalSection
EndGlobal
